
Microsoft Visual Studio Solution File, Format Version 12.00
# Visual Studio Version 16
VisualStudioVersion = 16.0.31313.79
MinimumVisualStudioVersion = 10.0.40219.1
Project("{FAE04EC0-301F-11D3-BF4B-00C04F79EFBC}") = "Kavyas.Android", "Kavyas\Kavyas.Android\Kavyas.Android.csproj", "{66704E36-9B84-4CCE-A227-BDA975518DD1}"
EndProject
Project("{FAE04EC0-301F-11D3-BF4B-00C04F79EFBC}") = "Kavyas.iOS", "Kavyas\Kavyas.iOS\Kavyas.iOS.csproj", "{29EBAF08-F49F-42EA-94D4-E259F8D5E976}"
EndProject
Project("{9A19103F-16F7-4668-BE54-9A1E7A4F7556}") = "Kavyas", "Kavyas\Kavyas\Kavyas.csproj", "{89D55D11-3C95-44DB-AF72-EEE7215BD359}"
EndProject
Global
	GlobalSection(SolutionConfigurationPlatforms) = preSolution
		Debug|Any CPU = Debug|Any CPU
		Debug|iPhone = Debug|iPhone
		Debug|iPhoneSimulator = Debug|iPhoneSimulator
		Release|Any CPU = Release|Any CPU
		Release|iPhone = Release|iPhone
		Release|iPhoneSimulator = Release|iPhoneSimulator
	EndGlobalSection
	GlobalSection(ProjectConfigurationPlatforms) = postSolution
		{66704E36-9B84-4CCE-A227-BDA975518DD1}.Debug|Any CPU.ActiveCfg = Debug|Any CPU
		{66704E36-9B84-4CCE-A227-BDA975518DD1}.Debug|Any CPU.Build.0 = Debug|Any CPU
		{66704E36-9B84-4CCE-A227-BDA975518DD1}.Debug|Any CPU.Deploy.0 = Debug|Any CPU
		{66704E36-9B84-4CCE-A227-BDA975518DD1}.Debug|iPhone.ActiveCfg = Debug|Any CPU
		{66704E36-9B84-4CCE-A227-BDA975518DD1}.Debug|iPhone.Build.0 = Debug|Any CPU
		{66704E36-9B84-4CCE-A227-BDA975518DD1}.Debug|iPhone.Deploy.0 = Debug|Any CPU
		{66704E36-9B84-4CCE-A227-BDA975518DD1}.Debug|iPhoneSimulator.ActiveCfg = Debug|Any CPU
		{66704E36-9B84-4CCE-A227-BDA975518DD1}.Debug|iPhoneSimulator.Build.0 = Debug|Any CPU
		{66704E36-9B84-4CCE-A227-BDA975518DD1}.Debug|iPhoneSimulator.Deploy.0 = Debug|Any CPU
		{66704E36-9B84-4CCE-A227-BDA975518DD1}.Release|Any CPU.ActiveCfg = Release|Any CPU
		{66704E36-9B84-4CCE-A227-BDA975518DD1}.Release|Any CPU.Build.0 = Release|Any CPU
		{66704E36-9B84-4CCE-A227-BDA975518DD1}.Release|Any CPU.Deploy.0 = Release|Any CPU
		{66704E36-9B84-4CCE-A227-BDA975518DD1}.Release|iPhone.ActiveCfg = Release|Any CPU
		{66704E36-9B84-4CCE-A227-BDA975518DD1}.Release|iPhone.Build.0 = Release|Any CPU
		{66704E36-9B84-4CCE-A227-BDA975518DD1}.Release|iPhone.Deploy.0 = Release|Any CPU
		{66704E36-9B84-4CCE-A227-BDA975518DD1}.Release|iPhoneSimulator.ActiveCfg = Release|Any CPU
		{66704E36-9B84-4CCE-A227-BDA975518DD1}.Release|iPhoneSimulator.Build.0 = Release|Any CPU
		{66704E36-9B84-4CCE-A227-BDA975518DD1}.Release|iPhoneSimulator.Deploy.0 = Release|Any CPU
		{29EBAF08-F49F-42EA-94D4-E259F8D5E976}.Debug|Any CPU.ActiveCfg = Debug|iPhone
		{29EBAF08-F49F-42EA-94D4-E259F8D5E976}.Debug|Any CPU.Build.0 = Debug|iPhone
		{29EBAF08-F49F-42EA-94D4-E259F8D5E976}.Debug|Any CPU.Deploy.0 = Debug|iPhone
		{29EBAF08-F49F-42EA-94D4-E259F8D5E976}.Debug|iPhone.ActiveCfg = Debug|iPhone
		{29EBAF08-F49F-42EA-94D4-E259F8D5E976}.Debug|iPhone.Build.0 = Debug|iPhone
		{29EBAF08-F49F-42EA-94D4-E259F8D5E976}.Debug|iPhone.Deploy.0 = Debug|iPhone
		{29EBAF08-F49F-42EA-94D4-E259F8D5E976}.Debug|iPhoneSimulator.ActiveCfg = Debug|iPhoneSimulator
		{29EBAF08-F49F-42EA-94D4-E259F8D5E976}.Debug|iPhoneSimulator.Build.0 = Debug|iPhoneSimulator
		{29EBAF08-F49F-42EA-94D4-E259F8D5E976}.Debug|iPhoneSimulator.Deploy.0 = Debug|iPhoneSimulator
		{29EBAF08-F49F-42EA-94D4-E259F8D5E976}.Release|Any CPU.ActiveCfg = Release|iPhoneSimulator
		{29EBAF08-F49F-42EA-94D4-E259F8D5E976}.Release|Any CPU.Build.0 = Release|iPhoneSimulator
		{29EBAF08-F49F-42EA-94D4-E259F8D5E976}.Release|Any CPU.Deploy.0 = Release|iPhoneSimulator
		{29EBAF08-F49F-42EA-94D4-E259F8D5E976}.Release|iPhone.ActiveCfg = Release|iPhone
		{29EBAF08-F49F-42EA-94D4-E259F8D5E976}.Release|iPhone.Build.0 = Release|iPhone
		{29EBAF08-F49F-42EA-94D4-E259F8D5E976}.Release|iPhone.Deploy.0 = Release|iPhone
		{29EBAF08-F49F-42EA-94D4-E259F8D5E976}.Release|iPhoneSimulator.ActiveCfg = Release|iPhoneSimulator
		{29EBAF08-F49F-42EA-94D4-E259F8D5E976}.Release|iPhoneSimulator.Build.0 = Release|iPhoneSimulator
		{29EBAF08-F49F-42EA-94D4-E259F8D5E976}.Release|iPhoneSimulator.Deploy.0 = Release|iPhoneSimulator
		{89D55D11-3C95-44DB-AF72-EEE7215BD359}.Debug|Any CPU.ActiveCfg = Debug|Any CPU
		{89D55D11-3C95-44DB-AF72-EEE7215BD359}.Debug|Any CPU.Build.0 = Debug|Any CPU
		{89D55D11-3C95-44DB-AF72-EEE7215BD359}.Debug|Any CPU.Deploy.0 = Debug|Any CPU
		{89D55D11-3C95-44DB-AF72-EEE7215BD359}.Debug|iPhone.ActiveCfg = Debug|Any CPU
		{89D55D11-3C95-44DB-AF72-EEE7215BD359}.Debug|iPhone.Build.0 = Debug|Any CPU
		{89D55D11-3C95-44DB-AF72-EEE7215BD359}.Debug|iPhone.Deploy.0 = Debug|Any CPU
		{89D55D11-3C95-44DB-AF72-EEE7215BD359}.Debug|iPhoneSimulator.ActiveCfg = Debug|Any CPU
		{89D55D11-3C95-44DB-AF72-EEE7215BD359}.Debug|iPhoneSimulator.Build.0 = Debug|Any CPU
		{89D55D11-3C95-44DB-AF72-EEE7215BD359}.Debug|iPhoneSimulator.Deploy.0 = Debug|Any CPU
		{89D55D11-3C95-44DB-AF72-EEE7215BD359}.Release|Any CPU.ActiveCfg = Release|Any CPU
		{89D55D11-3C95-44DB-AF72-EEE7215BD359}.Release|Any CPU.Build.0 = Release|Any CPU
		{89D55D11-3C95-44DB-AF72-EEE7215BD359}.Release|Any CPU.Deploy.0 = Release|Any CPU
		{89D55D11-3C95-44DB-AF72-EEE7215BD359}.Release|iPhone.ActiveCfg = Release|Any CPU
		{89D55D11-3C95-44DB-AF72-EEE7215BD359}.Release|iPhone.Build.0 = Release|Any CPU
		{89D55D11-3C95-44DB-AF72-EEE7215BD359}.Release|iPhone.Deploy.0 = Release|Any CPU
		{89D55D11-3C95-44DB-AF72-EEE7215BD359}.Release|iPhoneSimulator.ActiveCfg = Release|Any CPU
		{89D55D11-3C95-44DB-AF72-EEE7215BD359}.Release|iPhoneSimulator.Build.0 = Release|Any CPU
		{89D55D11-3C95-44DB-AF72-EEE7215BD359}.Release|iPhoneSimulator.Deploy.0 = Release|Any CPU
	EndGlobalSection
	GlobalSection(SolutionProperties) = preSolution
		HideSolutionNode = FALSE
	EndGlobalSection
	GlobalSection(ExtensibilityGlobals) = postSolution
		SolutionGuid = {518B964C-7F42-4438-BF88-264B0C01DCA7}
	EndGlobalSection
EndGlobal
